
Microsoft Visual Studio Solution File, Format Version 12.00
# Visual Studio Version 16
VisualStudioVersion = 16.0.30011.22
MinimumVisualStudioVersion = 10.0.40219.1
Project("{FAE04EC0-301F-11D3-BF4B-00C04F79EFBC}") = "AsteroidGame", "AsteroidGame\AsteroidGame.csproj", "{88FC2408-998D-41F9-9A60-E7F1146D66D7}"
EndProject
Project("{2150E333-8FDC-42A3-9474-1A3956D46DE8}") = "Tests", "Tests", "{DEE69A0D-68A3-48F1-8047-C0F4508FBC1C}"
EndProject
Project("{FAE04EC0-301F-11D3-BF4B-00C04F79EFBC}") = "TestConsole", "Tests\TestConsole\TestConsole.csproj", "{2C80EE89-50A6-43C5-85B7-1C5F1EFF49CE}"
EndProject
Project("{2150E333-8FDC-42A3-9474-1A3956D46DE8}") = "SamplesUI", "SamplesUI", "{20901C27-5FAF-40EF-BBE6-162B823B4E14}"
EndProject
Project("{FAE04EC0-301F-11D3-BF4B-00C04F79EFBC}") = "TextEditorFinforms", "SamplesUI\TextEditorFinforms\TextEditorFinforms.csproj", "{F3AA924F-F9AD-4DC1-9AB1-1ABFAC0C5A18}"
EndProject
Project("{FAE04EC0-301F-11D3-BF4B-00C04F79EFBC}") = "TextEditorWPF", "SamplesUI\TextEditorWPF\TextEditorWPF.csproj", "{5AA7D797-DB03-4A8E-975B-90CD63872B8F}"
EndProject
Project("{FAE04EC0-301F-11D3-BF4B-00C04F79EFBC}") = "StudentsManager", "SamplesUI\StudentsManager\StudentsManager.csproj", "{9C0FDEB6-F190-45BB-9307-1CBE06BE4640}"
EndProject
Project("{2150E333-8FDC-42A3-9474-1A3956D46DE8}") = "DataBase", "DataBase", "{2D0084ED-4E7C-4045-A0F0-34FE4F09F7FF}"
EndProject
Project("{FAE04EC0-301F-11D3-BF4B-00C04F79EFBC}") = "AdoNetTest", "DataBase\AdoNetTest\AdoNetTest.csproj", "{21F54D53-8DF8-4E2B-9AB2-386210A21E0A}"
EndProject
Global
	GlobalSection(SolutionConfigurationPlatforms) = preSolution
		Debug|Any CPU = Debug|Any CPU
		Release|Any CPU = Release|Any CPU
	EndGlobalSection
	GlobalSection(ProjectConfigurationPlatforms) = postSolution
		{88FC2408-998D-41F9-9A60-E7F1146D66D7}.Debug|Any CPU.ActiveCfg = Debug|Any CPU
		{88FC2408-998D-41F9-9A60-E7F1146D66D7}.Debug|Any CPU.Build.0 = Debug|Any CPU
		{88FC2408-998D-41F9-9A60-E7F1146D66D7}.Release|Any CPU.ActiveCfg = Release|Any CPU
		{88FC2408-998D-41F9-9A60-E7F1146D66D7}.Release|Any CPU.Build.0 = Release|Any CPU
		{2C80EE89-50A6-43C5-85B7-1C5F1EFF49CE}.Debug|Any CPU.ActiveCfg = Debug|Any CPU
		{2C80EE89-50A6-43C5-85B7-1C5F1EFF49CE}.Debug|Any CPU.Build.0 = Debug|Any CPU
		{2C80EE89-50A6-43C5-85B7-1C5F1EFF49CE}.Release|Any CPU.ActiveCfg = Release|Any CPU
		{2C80EE89-50A6-43C5-85B7-1C5F1EFF49CE}.Release|Any CPU.Build.0 = Release|Any CPU
		{F3AA924F-F9AD-4DC1-9AB1-1ABFAC0C5A18}.Debug|Any CPU.ActiveCfg = Debug|Any CPU
		{F3AA924F-F9AD-4DC1-9AB1-1ABFAC0C5A18}.Debug|Any CPU.Build.0 = Debug|Any CPU
		{F3AA924F-F9AD-4DC1-9AB1-1ABFAC0C5A18}.Release|Any CPU.ActiveCfg = Release|Any CPU
		{F3AA924F-F9AD-4DC1-9AB1-1ABFAC0C5A18}.Release|Any CPU.Build.0 = Release|Any CPU
		{5AA7D797-DB03-4A8E-975B-90CD63872B8F}.Debug|Any CPU.ActiveCfg = Debug|Any CPU
		{5AA7D797-DB03-4A8E-975B-90CD63872B8F}.Debug|Any CPU.Build.0 = Debug|Any CPU
		{5AA7D797-DB03-4A8E-975B-90CD63872B8F}.Release|Any CPU.ActiveCfg = Release|Any CPU
		{5AA7D797-DB03-4A8E-975B-90CD63872B8F}.Release|Any CPU.Build.0 = Release|Any CPU
		{9C0FDEB6-F190-45BB-9307-1CBE06BE4640}.Debug|Any CPU.ActiveCfg = Debug|Any CPU
		{9C0FDEB6-F190-45BB-9307-1CBE06BE4640}.Debug|Any CPU.Build.0 = Debug|Any CPU
		{9C0FDEB6-F190-45BB-9307-1CBE06BE4640}.Release|Any CPU.ActiveCfg = Release|Any CPU
		{9C0FDEB6-F190-45BB-9307-1CBE06BE4640}.Release|Any CPU.Build.0 = Release|Any CPU
		{21F54D53-8DF8-4E2B-9AB2-386210A21E0A}.Debug|Any CPU.ActiveCfg = Debug|Any CPU
		{21F54D53-8DF8-4E2B-9AB2-386210A21E0A}.Debug|Any CPU.Build.0 = Debug|Any CPU
		{21F54D53-8DF8-4E2B-9AB2-386210A21E0A}.Release|Any CPU.ActiveCfg = Release|Any CPU
		{21F54D53-8DF8-4E2B-9AB2-386210A21E0A}.Release|Any CPU.Build.0 = Release|Any CPU
	EndGlobalSection
	GlobalSection(SolutionProperties) = preSolution
		HideSolutionNode = FALSE
	EndGlobalSection
	GlobalSection(NestedProjects) = preSolution
		{2C80EE89-50A6-43C5-85B7-1C5F1EFF49CE} = {DEE69A0D-68A3-48F1-8047-C0F4508FBC1C}
		{F3AA924F-F9AD-4DC1-9AB1-1ABFAC0C5A18} = {20901C27-5FAF-40EF-BBE6-162B823B4E14}
		{5AA7D797-DB03-4A8E-975B-90CD63872B8F} = {20901C27-5FAF-40EF-BBE6-162B823B4E14}
		{9C0FDEB6-F190-45BB-9307-1CBE06BE4640} = {20901C27-5FAF-40EF-BBE6-162B823B4E14}
		{21F54D53-8DF8-4E2B-9AB2-386210A21E0A} = {2D0084ED-4E7C-4045-A0F0-34FE4F09F7FF}
	EndGlobalSection
	GlobalSection(ExtensibilityGlobals) = postSolution
		SolutionGuid = {39119918-3A97-4226-BE4D-5489764D7D1D}
	EndGlobalSection
EndGlobal
